
Microsoft Visual Studio Solution File, Format Version 12.00
# Visual Studio Version 16
VisualStudioVersion = 16.0.31829.152
MinimumVisualStudioVersion = 10.0.40219.1
Project("{9A19103F-16F7-4668-BE54-9A1E7A4F7556}") = "SigncryptionScheme", "SigncryptionSchemeProposed\SigncryptionScheme.csproj", "{269BCA23-ADC1-4A4D-B198-06BE3F6A4608}"
EndProject
Project("{9A19103F-16F7-4668-BE54-9A1E7A4F7556}") = "SigncryptionProposed", "SigncryptionWindowsFormUI\SigncryptionProposed.csproj", "{B1CEE20A-A19B-4092-8DEE-20F09AC53881}"
	ProjectSection(ProjectDependencies) = postProject
		{269BCA23-ADC1-4A4D-B198-06BE3F6A4608} = {269BCA23-ADC1-4A4D-B198-06BE3F6A4608}
	EndProjectSection
EndProject
Global
	GlobalSection(SolutionConfigurationPlatforms) = preSolution
		Debug|Any CPU = Debug|Any CPU
		Release|Any CPU = Release|Any CPU
	EndGlobalSection
	GlobalSection(ProjectConfigurationPlatforms) = postSolution
		{269BCA23-ADC1-4A4D-B198-06BE3F6A4608}.Debug|Any CPU.ActiveCfg = Debug|Any CPU
		{269BCA23-ADC1-4A4D-B198-06BE3F6A4608}.Debug|Any CPU.Build.0 = Debug|Any CPU
		{269BCA23-ADC1-4A4D-B198-06BE3F6A4608}.Release|Any CPU.ActiveCfg = Release|Any CPU
		{269BCA23-ADC1-4A4D-B198-06BE3F6A4608}.Release|Any CPU.Build.0 = Release|Any CPU
		{B1CEE20A-A19B-4092-8DEE-20F09AC53881}.Debug|Any CPU.ActiveCfg = Debug|Any CPU
		{B1CEE20A-A19B-4092-8DEE-20F09AC53881}.Debug|Any CPU.Build.0 = Debug|Any CPU
		{B1CEE20A-A19B-4092-8DEE-20F09AC53881}.Release|Any CPU.ActiveCfg = Release|Any CPU
		{B1CEE20A-A19B-4092-8DEE-20F09AC53881}.Release|Any CPU.Build.0 = Release|Any CPU
	EndGlobalSection
	GlobalSection(SolutionProperties) = preSolution
		HideSolutionNode = FALSE
	EndGlobalSection
	GlobalSection(ExtensibilityGlobals) = postSolution
		SolutionGuid = {2B0F5600-5165-4B06-B7FC-2D9247716773}
	EndGlobalSection
EndGlobal
